github.com/VividCortex/ewma v1.1.1 h1:MnEK4VOv6n0RSY4vtRe3h11qjxL3+t0B8yOL8iMXdcM=
github.com/VividCortex/ewma v1.1.1/go.mod h1:2Tkkvm3sRDVXaiyucHiACn4cqf7DpdyLvmxzcbUokwA=
github.com/aws/aws-sdk-go v1.13.14 h1:mFxcg7MijME3Di/SEE2Ft/LksIHHqpKA5Do3OdkUN4Q=
github.com/aws/aws-sdk-go v1.13.14/go.mod h1:ZRmQr0FajVIyZ4ZzBYKG5P3ZqPz9IHG41ZoMu1ADI3k=
github.com/bluele/gcache v0.0.0-20171010155617-472614239ac7 h1:NpQ+gkFOH27AyDypSCJ/LdsIi/b4rdnEb1N5+IpFfYs=
github.com/bluele/gcache v0.0.0-20171010155617-472614239ac7/go.mod h1:8c4/i2VlovMO2gBnHGQPN5EJw+H0lx1u/5p+cgsXtCk=
github.com/go-ini/ini v1.33.0 h1:/0Y2X+/6jgfPYl2LOihvxikDfznXMufz0Zkr3mW+7Zg=
github.com/go-ini/ini v1.33.0/go.mod h1:ByCAeIL28uOIIG0E3PJtZPDL8WnHpFKFOtgjp+3Ies8=
github.com/golang/glog v0.0.0-20160126235308-23def4e6c14b h1:VKtxabqXZkF25pY9ekfRL6a582T4P37/31XEstQ5p58=
github.com/golang/glog v0.0.0-20160126235308-23def4e6c14b/go.mod h1:SBH7ygxi8pfUlaOkMMuAQtPIUF8ecWP5IEl/CR7VP2Q=
github.com/golang/protobuf v1.0.0 h1:lsek0oXi8iFE9L+EXARyHIjU5rlWIhhTkjDz3vHhWWQ=
github.com/golang/protobuf v1.0.0/go.mod h1:6lQm79b+lXiMfvg/cZm0SGofjICqVBUtrP5yJMmIC1U=
github.com/google/certificate-transparency-go v1.0.12 h1:kp5n0Tgq6TRBmgcbqw8t+4R5epGuRk7KZYdSxP2b1Ao=
github.com/google/certificate-transparency-go v1.0.12/go.mod h1:QeJfpSbVSfYc7RgB3gJFj9cbuQMMchQxrWXz8Ruopmg=
github.com/jcjones/ct-sql v0.0.0-20170221230105-a1a22e4a3ef6 h1:ssnqBsO5koVMawnuzBl5JdguOcGv6F8qcsqryF4/Kuw=
github.com/jcjones/ct-sql v0.0.0-20170221230105-a1a22e4a3ef6/go.mod h1:KDrmEyT7WDq8+is5AXfGWOp5NzaOVymW9ix6sRNJHoY=
github.com/jcjones/go-progressdisplay v0.0.0-20180910000447-19ad88f5fde4 h1:AgjMp6/qVsS8d/FtnM45qhoZkX8LGlf0/TTXmlWiDNY=
github.com/jcjones/go-progressdisplay v0.0.0-20180910000447-19ad88f5fde4/go.mod h1:TSFxJe3t8ItorHuwOMXJye6jO5Oo9RLbyE4V2JwznHQ=
github.com/jmespath/go-jmespath v0.0.0-20160202185014-0b12d6b521d8 h1:12VvqtR6Aowv3l/EQUlocDHW2Cp4G9WJVH7uyH8QFJE=
github.com/jmespath/go-jmespath v0.0.0-20160202185014-0b12d6b521d8/go.mod h1:Nht3zPeWKUH0NzdCt2Blrr5ys8VGpn0CEB0cQHVjt7k=
github.com/jpillora/backoff v0.0.0-20170918002102-8eab2debe79d h1:ix3WmphUvN0GDd0DO9MH0v6/5xTv+Xm1bPN+1UJn58k=
github.com/jpillora/backoff v0.0.0-20170918002102-8eab2debe79d/go.mod h1:2iMrUgbbvHEiQClaW2NsSzMyGHqN+rDFqY705q49KG0=
github.com/mattn/go-isatty v0.0.4 h1:bnP0vzxcAdeI1zdubAl5PjU6zsERjGZb7raWodagDYs=
github.com/mattn/go-isatty v0.0.4/go.mod h1:M+lRXTBqGeGNdLjl/ufCoiOlB5xdOkqRJdNxMWT7Zi4=
github.com/vbauerster/mpb v3.3.2+incompatible h1:IAXNkJBpRdoXCjjReAELWPon+JDp+7wpDUKKh6MyJdQ=
github.com/vbauerster/mpb v3.3.2+incompatible/go.mod h1:zAHG26FUhVKETRu+MWqYXcI70POlC6N8up9p1dID7SU=
golang.org/x/crypto v0.0.0-20180314180259-21652f85b0fd h1:cC/2DaX1wcQTuG22GhVYD0kedx0WJnOgKmrxsb3yS+4=
golang.org/x/crypto v0.0.0-20180314180259-21652f85b0fd/go.mod h1:6SG95UA2DQfeDnfUPMdvaQW0Q7yPrPDi9nlGo2tz2b4=
golang.org/x/net v0.0.0-20180314180242-e0c57d8f86c1 h1:bvdOgH8RHIWcCP5Scuwy/MvK15H8DM6SR1kyLdGfV/4=
golang.org/x/net v0.0.0-20180314180242-e0c57d8f86c1/go.mod h1:mL1N/T3taQHkDXs73rZJwtUhF3w3ftmwwsq0BUmARs4=
golang.org/x/sys v0.0.0-20180909124046-d0be0721c37e h1:o3PsSEY8E4eXWkXrIP9YJALUkVZqzHJT5DOasTyn8Vs=
golang.org/x/sys v0.0.0-20180909124046-d0be0721c37e/go.mod h1:STP8DvDyc/dI5b8T5hshtkjS+E42TnysNCUPdjciGhY=
gopkg.in/ini.v1 v1.38.2 h1:dGcbywv4RufeGeiMycPT/plKB5FtmLKLnWKwBiLhUA4=
gopkg.in/ini.v1 v1.38.2/go.mod h1:pNLf8WUiyNEtQjuu5G5vTm06TEv9tsIgeAvK8hOrP4k=
