github.com/aws/aws-sdk-go v1.13.14 h1:mFxcg7MijME3Di/SEE2Ft/LksIHHqpKA5Do3OdkUN4Q=
github.com/aws/aws-sdk-go v1.13.14/go.mod h1:ZRmQr0FajVIyZ4ZzBYKG5P3ZqPz9IHG41ZoMu1ADI3k=
github.com/go-ini/ini v1.33.0 h1:/0Y2X+/6jgfPYl2LOihvxikDfznXMufz0Zkr3mW+7Zg=
github.com/go-ini/ini v1.33.0/go.mod h1:ByCAeIL28uOIIG0E3PJtZPDL8WnHpFKFOtgjp+3Ies8=
github.com/golang/protobuf v1.0.0 h1:lsek0oXi8iFE9L+EXARyHIjU5rlWIhhTkjDz3vHhWWQ=
github.com/golang/protobuf v1.0.0/go.mod h1:6lQm79b+lXiMfvg/cZm0SGofjICqVBUtrP5yJMmIC1U=
github.com/google/certificate-transparency-go v1.0.12 h1:kp5n0Tgq6TRBmgcbqw8t+4R5epGuRk7KZYdSxP2b1Ao=
github.com/google/certificate-transparency-go v1.0.12/go.mod h1:QeJfpSbVSfYc7RgB3gJFj9cbuQMMchQxrWXz8Ruopmg=
github.com/jcjones/ct-sql v0.0.0-20170221230105-a1a22e4a3ef6 h1:ssnqBsO5koVMawnuzBl5JdguOcGv6F8qcsqryF4/Kuw=
github.com/jcjones/ct-sql v0.0.0-20170221230105-a1a22e4a3ef6/go.mod h1:KDrmEyT7WDq8+is5AXfGWOp5NzaOVymW9ix6sRNJHoY=
github.com/jmespath/go-jmespath v0.0.0-20160202185014-0b12d6b521d8 h1:12VvqtR6Aowv3l/EQUlocDHW2Cp4G9WJVH7uyH8QFJE=
github.com/jmespath/go-jmespath v0.0.0-20160202185014-0b12d6b521d8/go.mod h1:Nht3zPeWKUH0NzdCt2Blrr5ys8VGpn0CEB0cQHVjt7k=
github.com/jpillora/backoff v0.0.0-20170918002102-8eab2debe79d h1:ix3WmphUvN0GDd0DO9MH0v6/5xTv+Xm1bPN+1UJn58k=
github.com/jpillora/backoff v0.0.0-20170918002102-8eab2debe79d/go.mod h1:2iMrUgbbvHEiQClaW2NsSzMyGHqN+rDFqY705q49KG0=
github.com/vharitonsky/iniflags v0.0.0-20171209223554-e2b4a6da96d4/go.mod h1:irMhzlTz8+fVFj6CH2AN2i+WI5S6wWFtK3MBCIxIpyI=
github.com/vharitonsky/iniflags v0.0.0-20180513140207-a33cd0b5f3de h1:fkw+7JkxF3U1GzQoX9h69Wvtvxajo5Rbzy6+YMMzPIg=
github.com/vharitonsky/iniflags v0.0.0-20180513140207-a33cd0b5f3de/go.mod h1:irMhzlTz8+fVFj6CH2AN2i+WI5S6wWFtK3MBCIxIpyI=
golang.org/x/crypto v0.0.0-20180314180259-21652f85b0fd h1:cC/2DaX1wcQTuG22GhVYD0kedx0WJnOgKmrxsb3yS+4=
golang.org/x/crypto v0.0.0-20180314180259-21652f85b0fd/go.mod h1:6SG95UA2DQfeDnfUPMdvaQW0Q7yPrPDi9nlGo2tz2b4=
golang.org/x/net v0.0.0-20180314180242-e0c57d8f86c1 h1:bvdOgH8RHIWcCP5Scuwy/MvK15H8DM6SR1kyLdGfV/4=
golang.org/x/net v0.0.0-20180314180242-e0c57d8f86c1/go.mod h1:mL1N/T3taQHkDXs73rZJwtUhF3w3ftmwwsq0BUmARs4=
