# This file is autogenerated, do not edit; changes may be undone by the next 'dep ensure'.


[[projects]]
  name = "github.com/aws/aws-sdk-go"
  packages = [
    "aws",
    "aws/awserr",
    "aws/awsutil",
    "aws/client",
    "aws/client/metadata",
    "aws/corehandlers",
    "aws/credentials",
    "aws/credentials/ec2rolecreds",
    "aws/credentials/endpointcreds",
    "aws/credentials/stscreds",
    "aws/defaults",
    "aws/ec2metadata",
    "aws/endpoints",
    "aws/request",
    "aws/session",
    "aws/signer/v4",
    "private/protocol",
    "private/protocol/query",
    "private/protocol/query/queryutil",
    "private/protocol/rest",
    "private/protocol/restxml",
    "private/protocol/xml/xmlutil",
    "private/waiter",
    "service/s3",
    "service/sts"
  ]
  revision = "8649d278323ebf6bd20c9cd56ecb152b1c617375"

[[projects]]
  name = "github.com/go-ini/ini"
  packages = ["."]
  revision = "6333e38ac20b8949a8dd68baa3650f4dee8f39f0"
  version = "v1.33.0"

[[projects]]
  name = "github.com/google/certificate-transparency-go"
  packages = [
    ".",
    "asn1",
    "client",
    "jsonclient",
    "tls",
    "x509",
    "x509/pkix"
  ]
  revision = "6cf242344fc0390c787107b31fb266393e6439c5"

[[projects]]
  branch = "master"
  name = "github.com/jcjones/ct-sql"
  packages = ["utils"]
  revision = "a1a22e4a3ef6b5ffba9293106a957383a43c28f7"

[[projects]]
  name = "github.com/jmespath/go-jmespath"
  packages = ["."]
  revision = "3433f3ea46d9f8019119e7dd41274e112a2359a9"
  version = "0.2.2"

[[projects]]
  name = "github.com/jpillora/backoff"
  packages = ["."]
  revision = "2ff7c4694083b5dbd71b21fd7cb7577477a74b31"

[[projects]]
  name = "github.com/vharitonsky/iniflags"
  packages = ["."]
  revision = "743d6901e7ca8ab61ac533a8c49939ac8b560e72"

[[projects]]
  name = "golang.org/x/net"
  packages = [
    "context",
    "context/ctxhttp"
  ]
  revision = "4971afdc2f162e82d185353533d3cf16188a9f4e"

[solve-meta]
  analyzer-name = "dep"
  analyzer-version = 1
  inputs-digest = "22bedca8e690974dc56de10d43dc1d3c49b6f2e9cbd1ed085918afca78c8cf7c"
  solver-name = "gps-cdcl"
  solver-version = 1
